# Code generated by scarb DO NOT EDIT.
version = 1

[[package]]
name = "ekubo"
version = "0.1.0"
source = "git+https://github.com/EkuboProtocol/starknet-contracts?rev=8b4de8b5701d10b101c06b786740bf45b6cf15cb#8b4de8b5701d10b101c06b786740bf45b6cf15cb"

[[package]]
name = "iceberg"
version = "0.1.0"
dependencies = [
 "ekubo",
 "snforge_std",
]

[[package]]
name = "snforge_scarb_plugin"
version = "0.59.0"
source = "registry+https://scarbs.xyz/"
checksum = "sha256:871fba677c03b66a1bf40815dac0ab1b385eb1b9be6e6c3cf2ad9788eeb2b6bb"

[[package]]
name = "snforge_std"
version = "0.59.0"
source = "registry+https://scarbs.xyz/"
checksum = "sha256:3620924fa08bd2d740b2b5b01ef86c8dab3d4b9c2206387c8dbdc8d2ec15133e"
dependencies = [
 "snforge_scarb_plugin",
]
